
Microsoft Visual Studio Solution File, Format Version 12.00
# Visual Studio Version 17
VisualStudioVersion = 17.5.002.0
MinimumVisualStudioVersion = 10.0.40219.1
Project("{9A19103F-16F7-4668-BE54-9A1E7A4F7556}") = "DOTNET", "DOTNET.csproj", "{1ACAECB8-4234-4E37-B679-6AC295863D88}"
EndProject
Global
	GlobalSection(SolutionConfigurationPlatforms) = preSolution
		Debug|Any CPU = Debug|Any CPU
		Release|Any CPU = Release|Any CPU
	EndGlobalSection
	GlobalSection(ProjectConfigurationPlatforms) = postSolution
		{1ACAECB8-4234-4E37-B679-6AC295863D88}.Debug|Any CPU.ActiveCfg = Debug|Any CPU
		{1ACAECB8-4234-4E37-B679-6AC295863D88}.Debug|Any CPU.Build.0 = Debug|Any CPU
		{1ACAECB8-4234-4E37-B679-6AC295863D88}.Release|Any CPU.ActiveCfg = Release|Any CPU
		{1ACAECB8-4234-4E37-B679-6AC295863D88}.Release|Any CPU.Build.0 = Release|Any CPU
	EndGlobalSection
	GlobalSection(SolutionProperties) = preSolution
		HideSolutionNode = FALSE
	EndGlobalSection
	GlobalSection(ExtensibilityGlobals) = postSolution
		SolutionGuid = {F577DB60-2090-45F7-AE74-3B1B67775CD9}
	EndGlobalSection
EndGlobal
